
Microsoft Visual Studio Solution File, Format Version 12.00
# Visual Studio Version 17
VisualStudioVersion = 17.8.34330.188
MinimumVisualStudioVersion = 10.0.40219.1
Project("{FAE04EC0-301F-11D3-BF4B-00C04F79EFBC}") = "20240123_dataBaseManager", "20240123_dataBaseManager\20240123_dataBaseManager.csproj", "{E87C776C-9D78-46CD-BF03-4DAA1B5B8EBD}"
EndProject
Global
	GlobalSection(SolutionConfigurationPlatforms) = preSolution
		Debug|Any CPU = Debug|Any CPU
		Release|Any CPU = Release|Any CPU
	EndGlobalSection
	GlobalSection(ProjectConfigurationPlatforms) = postSolution
		{E87C776C-9D78-46CD-BF03-4DAA1B5B8EBD}.Debug|Any CPU.ActiveCfg = Debug|Any CPU
		{E87C776C-9D78-46CD-BF03-4DAA1B5B8EBD}.Debug|Any CPU.Build.0 = Debug|Any CPU
		{E87C776C-9D78-46CD-BF03-4DAA1B5B8EBD}.Release|Any CPU.ActiveCfg = Release|Any CPU
		{E87C776C-9D78-46CD-BF03-4DAA1B5B8EBD}.Release|Any CPU.Build.0 = Release|Any CPU
	EndGlobalSection
	GlobalSection(SolutionProperties) = preSolution
		HideSolutionNode = FALSE
	EndGlobalSection
	GlobalSection(ExtensibilityGlobals) = postSolution
		SolutionGuid = {2A2D207E-F672-488C-B2A4-120D8FF78E80}
	EndGlobalSection
EndGlobal
